// !$*UTF8*$!
{
	archiveVersion = 1;
	classes = {
	};
	objectVersion = 46;
	objects = {

/* Begin PBXBuildFile section */
		220126311D65CD4E00B6884D /* AppDelegate.swift in Sources */ = {isa = PBXBuildFile; fileRef = 220126301D65CD4E00B6884D /* AppDelegate.swift */; };
		220126361D65CD4E00B6884D /* Main.storyboard in Resources */ = {isa = PBXBuildFile; fileRef = 220126341D65CD4E00B6884D /* Main.storyboard */; };
		220126381D65CD4E00B6884D /* Assets.xcassets in Resources */ = {isa = PBXBuildFile; fileRef = 220126371D65CD4E00B6884D /* Assets.xcassets */; };
		2201263B1D65CD4E00B6884D /* LaunchScreen.storyboard in Resources */ = {isa = PBXBuildFile; fileRef = 220126391D65CD4E00B6884D /* LaunchScreen.storyboard */; };
		220126461D65CD4F00B6884D /* InterurbanosTests.swift in Sources */ = {isa = PBXBuildFile; fileRef = 220126451D65CD4F00B6884D /* InterurbanosTests.swift */; };
		220126511D65CD4F00B6884D /* InterurbanosUITests.swift in Sources */ = {isa = PBXBuildFile; fileRef = 220126501D65CD4F00B6884D /* InterurbanosUITests.swift */; };
		220126601D65CE5200B6884D /* FavoritesViewController.swift in Sources */ = {isa = PBXBuildFile; fileRef = 2201265F1D65CE5200B6884D /* FavoritesViewController.swift */; };
		220126671D65CF9600B6884D /* FavoritesPresenter.swift in Sources */ = {isa = PBXBuildFile; fileRef = 220126661D65CF9600B6884D /* FavoritesPresenter.swift */; };
		220126691D65CFA300B6884D /* FavoritesPresenterInterface.swift in Sources */ = {isa = PBXBuildFile; fileRef = 220126681D65CFA300B6884D /* FavoritesPresenterInterface.swift */; };
		2201266B1D65CFAE00B6884D /* FavoritesInteractor.swift in Sources */ = {isa = PBXBuildFile; fileRef = 2201266A1D65CFAE00B6884D /* FavoritesInteractor.swift */; };
		2201266D1D65CFB700B6884D /* FavoritesInteractorIO.swift in Sources */ = {isa = PBXBuildFile; fileRef = 2201266C1D65CFB700B6884D /* FavoritesInteractorIO.swift */; };
		2201266F1D65D00700B6884D /* FavoritesViewInterface.swift in Sources */ = {isa = PBXBuildFile; fileRef = 2201266E1D65D00700B6884D /* FavoritesViewInterface.swift */; };
		220126711D65D02F00B6884D /* FavoritesRouting.swift in Sources */ = {isa = PBXBuildFile; fileRef = 220126701D65D02F00B6884D /* FavoritesRouting.swift */; };
		220126731D65D03D00B6884D /* FavoritesRoutingProtocol.swift in Sources */ = {isa = PBXBuildFile; fileRef = 220126721D65D03D00B6884D /* FavoritesRoutingProtocol.swift */; };
		220126761D65D0BF00B6884D /* FavoritesFactory.swift in Sources */ = {isa = PBXBuildFile; fileRef = 220126751D65D0BF00B6884D /* FavoritesFactory.swift */; };
		223479CE1D69FFE20000FB2D /* WebService.swift in Sources */ = {isa = PBXBuildFile; fileRef = 223479CD1D69FFE20000FB2D /* WebService.swift */; };
		223479D11D6A02560000FB2D /* SequenceType+Utils.swift in Sources */ = {isa = PBXBuildFile; fileRef = 223479D01D6A02560000FB2D /* SequenceType+Utils.swift */; };
		223479D41D6A05730000FB2D /* BusStopsProviders.swift in Sources */ = {isa = PBXBuildFile; fileRef = 223479D31D6A05730000FB2D /* BusStopsProviders.swift */; };
		22442FE41D6CCAF500879DD1 /* SearchTableViewController.swift in Sources */ = {isa = PBXBuildFile; fileRef = 22442FE31D6CCAF500879DD1 /* SearchTableViewController.swift */; };
		22442FE71D6CCBFD00879DD1 /* MainTabBarController.swift in Sources */ = {isa = PBXBuildFile; fileRef = 22442FE61D6CCBFD00879DD1 /* MainTabBarController.swift */; };
		225FE9101D7C430700F1B5FE /* SearchResultsSearchController.swift in Sources */ = {isa = PBXBuildFile; fileRef = 225FE90F1D7C430700F1B5FE /* SearchResultsSearchController.swift */; };
		225FE9121D7C43BD00F1B5FE /* SearchResultsPresenter.swift in Sources */ = {isa = PBXBuildFile; fileRef = 225FE9111D7C43BD00F1B5FE /* SearchResultsPresenter.swift */; };
		225FE9141D7C43C700F1B5FE /* SearchResultsPresenterInterface.swift in Sources */ = {isa = PBXBuildFile; fileRef = 225FE9131D7C43C700F1B5FE /* SearchResultsPresenterInterface.swift */; };
		225FE9161D7C441800F1B5FE /* SearchResultsInteractorIO.swift in Sources */ = {isa = PBXBuildFile; fileRef = 225FE9151D7C441800F1B5FE /* SearchResultsInteractorIO.swift */; };
		225FE9181D7C444100F1B5FE /* SearchResultsViewInterface.swift in Sources */ = {isa = PBXBuildFile; fileRef = 225FE9171D7C444100F1B5FE /* SearchResultsViewInterface.swift */; };
		225FE91A1D7C44ED00F1B5FE /* SearchResultsInteractor.swift in Sources */ = {isa = PBXBuildFile; fileRef = 225FE9191D7C44ED00F1B5FE /* SearchResultsInteractor.swift */; };
		225FE91D1D7C464000F1B5FE /* SearchResultsFactory.swift in Sources */ = {isa = PBXBuildFile; fileRef = 225FE91C1D7C464000F1B5FE /* SearchResultsFactory.swift */; };
		226507B61D6CCE460017D3EB /* App.swift in Sources */ = {isa = PBXBuildFile; fileRef = 226507B51D6CCE460017D3EB /* App.swift */; };
		22AB16D81D6AD6AD007C33E5 /* Loading.swift in Sources */ = {isa = PBXBuildFile; fileRef = 22AB16D71D6AD6AD007C33E5 /* Loading.swift */; };
		22AB16DB1D6AD824007C33E5 /* LoadingViewController.swift in Sources */ = {isa = PBXBuildFile; fileRef = 22AB16DA1D6AD824007C33E5 /* LoadingViewController.swift */; };
		22B47D3B1D79E20500B2CCF7 /* SearchFactory.swift in Sources */ = {isa = PBXBuildFile; fileRef = 22B47D3A1D79E20500B2CCF7 /* SearchFactory.swift */; };
		22B47D3D1D79E37F00B2CCF7 /* MainTabBarControllerFactory.swift in Sources */ = {isa = PBXBuildFile; fileRef = 22B47D3C1D79E37F00B2CCF7 /* MainTabBarControllerFactory.swift */; };
		22B79E911D6AF441002D7954 /* Constraints+Utils.swift in Sources */ = {isa = PBXBuildFile; fileRef = 22B79E901D6AF441002D7954 /* Constraints+Utils.swift */; };
		22CC2BAC1D78CC7700B8EA57 /* SearchViewInterface.swift in Sources */ = {isa = PBXBuildFile; fileRef = 22CC2BAB1D78CC7700B8EA57 /* SearchViewInterface.swift */; };
		22CC2BAE1D78CC9500B8EA57 /* SearchPresenter.swift in Sources */ = {isa = PBXBuildFile; fileRef = 22CC2BAD1D78CC9500B8EA57 /* SearchPresenter.swift */; };
		22CC2BB01D78CC9F00B8EA57 /* SearchPresenterInterface.swift in Sources */ = {isa = PBXBuildFile; fileRef = 22CC2BAF1D78CC9F00B8EA57 /* SearchPresenterInterface.swift */; };
		22CC2BB21D78CCA800B8EA57 /* SearchInteractor.swift in Sources */ = {isa = PBXBuildFile; fileRef = 22CC2BB11D78CCA800B8EA57 /* SearchInteractor.swift */; };
		22CC2BB41D78CCAF00B8EA57 /* SearchInteractorIO.swift in Sources */ = {isa = PBXBuildFile; fileRef = 22CC2BB31D78CCAF00B8EA57 /* SearchInteractorIO.swift */; };
		22CC2BB61D78CCCE00B8EA57 /* SearchRouting.swift in Sources */ = {isa = PBXBuildFile; fileRef = 22CC2BB51D78CCCE00B8EA57 /* SearchRouting.swift */; };
		22CC2BB81D78CCD700B8EA57 /* SearchRoutingInterface.swift in Sources */ = {isa = PBXBuildFile; fileRef = 22CC2BB71D78CCD700B8EA57 /* SearchRoutingInterface.swift */; };
		22D1BE3D1D663CC400D567CC /* Resource.swift in Sources */ = {isa = PBXBuildFile; fileRef = 22D1BE3C1D663CC400D567CC /* Resource.swift */; };
		22D1BE411D663E0400D567CC /* BusStopAO.swift in Sources */ = {isa = PBXBuildFile; fileRef = 22D1BE401D663E0400D567CC /* BusStopAO.swift */; };
		B800E4D34CE998FFA061BA72 /* Pods_InterurbanosUITests.framework in Frameworks */ = {isa = PBXBuildFile; fileRef = AD2A12E40F2E91A2A9C4B41F /* Pods_InterurbanosUITests.framework */; };
		D519375B68BED67CFCC11B06 /* Pods_Interurbanos.framework in Frameworks */ = {isa = PBXBuildFile; fileRef = A3A5828E33F7F983F644E256 /* Pods_Interurbanos.framework */; };
		DE1FEAF119E19A29791EC793 /* Pods_InterurbanosTests.framework in Frameworks */ = {isa = PBXBuildFile; fileRef = 09553A2D79DC66A3E2035E63 /* Pods_InterurbanosTests.framework */; };
/* End PBXBuildFile section */

/* Begin PBXContainerItemProxy section */
		220126421D65CD4F00B6884D /* PBXContainerItemProxy */ = {
			isa = PBXContainerItemProxy;
			containerPortal = 220126251D65CD4E00B6884D /* Project object */;
			proxyType = 1;
			remoteGlobalIDString = 2201262C1D65CD4E00B6884D;
			remoteInfo = Interurbanos;
		};
		2201264D1D65CD4F00B6884D /* PBXContainerItemProxy */ = {
			isa = PBXContainerItemProxy;
			containerPortal = 220126251D65CD4E00B6884D /* Project object */;
			proxyType = 1;
			remoteGlobalIDString = 2201262C1D65CD4E00B6884D;
			remoteInfo = Interurbanos;
		};
/* End PBXContainerItemProxy section */

/* Begin PBXFileReference section */
		09553A2D79DC66A3E2035E63 /* Pods_InterurbanosTests.framework */ = {isa = PBXFileReference; explicitFileType = wrapper.framework; includeInIndex = 0; path = Pods_InterurbanosTests.framework; sourceTree = BUILT_PRODUCTS_DIR; };
		2201262D1D65CD4E00B6884D /* Interurbanos.app */ = {isa = PBXFileReference; explicitFileType = wrapper.application; includeInIndex = 0; path = Interurbanos.app; sourceTree = BUILT_PRODUCTS_DIR; };
		220126301D65CD4E00B6884D /* AppDelegate.swift */ = {isa = PBXFileReference; lastKnownFileType = sourcecode.swift; path = AppDelegate.swift; sourceTree = "<group>"; };
		220126351D65CD4E00B6884D /* Base */ = {isa = PBXFileReference; lastKnownFileType = file.storyboard; name = Base; path = Base.lproj/Main.storyboard; sourceTree = "<group>"; };
		220126371D65CD4E00B6884D /* Assets.xcassets */ = {isa = PBXFileReference; lastKnownFileType = folder.assetcatalog; path = Assets.xcassets; sourceTree = "<group>"; };
		2201263A1D65CD4E00B6884D /* Base */ = {isa = PBXFileReference; lastKnownFileType = file.storyboard; name = Base; path = Base.lproj/LaunchScreen.storyboard; sourceTree = "<group>"; };
		2201263C1D65CD4E00B6884D /* Info.plist */ = {isa = PBXFileReference; lastKnownFileType = text.plist.xml; path = Info.plist; sourceTree = "<group>"; };
		220126411D65CD4F00B6884D /* InterurbanosTests.xctest */ = {isa = PBXFileReference; explicitFileType = wrapper.cfbundle; includeInIndex = 0; path = InterurbanosTests.xctest; sourceTree = BUILT_PRODUCTS_DIR; };
		220126451D65CD4F00B6884D /* InterurbanosTests.swift */ = {isa = PBXFileReference; lastKnownFileType = sourcecode.swift; path = InterurbanosTests.swift; sourceTree = "<group>"; };
		220126471D65CD4F00B6884D /* Info.plist */ = {isa = PBXFileReference; lastKnownFileType = text.plist.xml; path = Info.plist; sourceTree = "<group>"; };
		2201264C1D65CD4F00B6884D /* InterurbanosUITests.xctest */ = {isa = PBXFileReference; explicitFileType = wrapper.cfbundle; includeInIndex = 0; path = InterurbanosUITests.xctest; sourceTree = BUILT_PRODUCTS_DIR; };
		220126501D65CD4F00B6884D /* InterurbanosUITests.swift */ = {isa = PBXFileReference; lastKnownFileType = sourcecode.swift; path = InterurbanosUITests.swift; sourceTree = "<group>"; };
		220126521D65CD4F00B6884D /* Info.plist */ = {isa = PBXFileReference; lastKnownFileType = text.plist.xml; path = Info.plist; sourceTree = "<group>"; };
		2201265F1D65CE5200B6884D /* FavoritesViewController.swift */ = {isa = PBXFileReference; fileEncoding = 4; lastKnownFileType = sourcecode.swift; path = FavoritesViewController.swift; sourceTree = "<group>"; };
		220126661D65CF9600B6884D /* FavoritesPresenter.swift */ = {isa = PBXFileReference; fileEncoding = 4; lastKnownFileType = sourcecode.swift; path = FavoritesPresenter.swift; sourceTree = "<group>"; };
		220126681D65CFA300B6884D /* FavoritesPresenterInterface.swift */ = {isa = PBXFileReference; fileEncoding = 4; lastKnownFileType = sourcecode.swift; path = FavoritesPresenterInterface.swift; sourceTree = "<group>"; };
		2201266A1D65CFAE00B6884D /* FavoritesInteractor.swift */ = {isa = PBXFileReference; fileEncoding = 4; lastKnownFileType = sourcecode.swift; path = FavoritesInteractor.swift; sourceTree = "<group>"; };
		2201266C1D65CFB700B6884D /* FavoritesInteractorIO.swift */ = {isa = PBXFileReference; fileEncoding = 4; lastKnownFileType = sourcecode.swift; path = FavoritesInteractorIO.swift; sourceTree = "<group>"; };
		2201266E1D65D00700B6884D /* FavoritesViewInterface.swift */ = {isa = PBXFileReference; fileEncoding = 4; lastKnownFileType = sourcecode.swift; path = FavoritesViewInterface.swift; sourceTree = "<group>"; };
		220126701D65D02F00B6884D /* FavoritesRouting.swift */ = {isa = PBXFileReference; fileEncoding = 4; lastKnownFileType = sourcecode.swift; path = FavoritesRouting.swift; sourceTree = "<group>"; };
		220126721D65D03D00B6884D /* FavoritesRoutingProtocol.swift */ = {isa = PBXFileReference; fileEncoding = 4; lastKnownFileType = sourcecode.swift; path = FavoritesRoutingProtocol.swift; sourceTree = "<group>"; };
		220126751D65D0BF00B6884D /* FavoritesFactory.swift */ = {isa = PBXFileReference; fileEncoding = 4; lastKnownFileType = sourcecode.swift; path = FavoritesFactory.swift; sourceTree = "<group>"; };
		223479CD1D69FFE20000FB2D /* WebService.swift */ = {isa = PBXFileReference; fileEncoding = 4; lastKnownFileType = sourcecode.swift; path = WebService.swift; sourceTree = "<group>"; };
		223479D01D6A02560000FB2D /* SequenceType+Utils.swift */ = {isa = PBXFileReference; fileEncoding = 4; lastKnownFileType = sourcecode.swift; path = "SequenceType+Utils.swift"; sourceTree = "<group>"; };
		223479D31D6A05730000FB2D /* BusStopsProviders.swift */ = {isa = PBXFileReference; fileEncoding = 4; lastKnownFileType = sourcecode.swift; path = BusStopsProviders.swift; sourceTree = "<group>"; };
		22442FE31D6CCAF500879DD1 /* SearchTableViewController.swift */ = {isa = PBXFileReference; fileEncoding = 4; lastKnownFileType = sourcecode.swift; path = SearchTableViewController.swift; sourceTree = "<group>"; };
		22442FE61D6CCBFD00879DD1 /* MainTabBarController.swift */ = {isa = PBXFileReference; fileEncoding = 4; lastKnownFileType = sourcecode.swift; path = MainTabBarController.swift; sourceTree = "<group>"; };
		225FE90F1D7C430700F1B5FE /* SearchResultsSearchController.swift */ = {isa = PBXFileReference; fileEncoding = 4; lastKnownFileType = sourcecode.swift; path = SearchResultsSearchController.swift; sourceTree = "<group>"; };
		225FE9111D7C43BD00F1B5FE /* SearchResultsPresenter.swift */ = {isa = PBXFileReference; fileEncoding = 4; lastKnownFileType = sourcecode.swift; path = SearchResultsPresenter.swift; sourceTree = "<group>"; };
		225FE9131D7C43C700F1B5FE /* SearchResultsPresenterInterface.swift */ = {isa = PBXFileReference; fileEncoding = 4; lastKnownFileType = sourcecode.swift; path = SearchResultsPresenterInterface.swift; sourceTree = "<group>"; };
		225FE9151D7C441800F1B5FE /* SearchResultsInteractorIO.swift */ = {isa = PBXFileReference; fileEncoding = 4; lastKnownFileType = sourcecode.swift; path = SearchResultsInteractorIO.swift; sourceTree = "<group>"; };
		225FE9171D7C444100F1B5FE /* SearchResultsViewInterface.swift */ = {isa = PBXFileReference; fileEncoding = 4; lastKnownFileType = sourcecode.swift; path = SearchResultsViewInterface.swift; sourceTree = "<group>"; };
		225FE9191D7C44ED00F1B5FE /* SearchResultsInteractor.swift */ = {isa = PBXFileReference; fileEncoding = 4; lastKnownFileType = sourcecode.swift; path = SearchResultsInteractor.swift; sourceTree = "<group>"; };
		225FE91C1D7C464000F1B5FE /* SearchResultsFactory.swift */ = {isa = PBXFileReference; fileEncoding = 4; lastKnownFileType = sourcecode.swift; path = SearchResultsFactory.swift; sourceTree = "<group>"; };
		226507B51D6CCE460017D3EB /* App.swift */ = {isa = PBXFileReference; fileEncoding = 4; lastKnownFileType = sourcecode.swift; path = App.swift; sourceTree = "<group>"; };
		22AB16D71D6AD6AD007C33E5 /* Loading.swift */ = {isa = PBXFileReference; fileEncoding = 4; lastKnownFileType = sourcecode.swift; path = Loading.swift; sourceTree = "<group>"; };
		22AB16DA1D6AD824007C33E5 /* LoadingViewController.swift */ = {isa = PBXFileReference; fileEncoding = 4; lastKnownFileType = sourcecode.swift; path = LoadingViewController.swift; sourceTree = "<group>"; };
		22B47D3A1D79E20500B2CCF7 /* SearchFactory.swift */ = {isa = PBXFileReference; fileEncoding = 4; lastKnownFileType = sourcecode.swift; path = SearchFactory.swift; sourceTree = "<group>"; };
		22B47D3C1D79E37F00B2CCF7 /* MainTabBarControllerFactory.swift */ = {isa = PBXFileReference; fileEncoding = 4; lastKnownFileType = sourcecode.swift; path = MainTabBarControllerFactory.swift; sourceTree = "<group>"; };
		22B79E901D6AF441002D7954 /* Constraints+Utils.swift */ = {isa = PBXFileReference; fileEncoding = 4; lastKnownFileType = sourcecode.swift; path = "Constraints+Utils.swift"; sourceTree = "<group>"; };
		22CC2BAB1D78CC7700B8EA57 /* SearchViewInterface.swift */ = {isa = PBXFileReference; fileEncoding = 4; lastKnownFileType = sourcecode.swift; path = SearchViewInterface.swift; sourceTree = "<group>"; };
		22CC2BAD1D78CC9500B8EA57 /* SearchPresenter.swift */ = {isa = PBXFileReference; fileEncoding = 4; lastKnownFileType = sourcecode.swift; path = SearchPresenter.swift; sourceTree = "<group>"; };
		22CC2BAF1D78CC9F00B8EA57 /* SearchPresenterInterface.swift */ = {isa = PBXFileReference; fileEncoding = 4; lastKnownFileType = sourcecode.swift; path = SearchPresenterInterface.swift; sourceTree = "<group>"; };
		22CC2BB11D78CCA800B8EA57 /* SearchInteractor.swift */ = {isa = PBXFileReference; fileEncoding = 4; lastKnownFileType = sourcecode.swift; path = SearchInteractor.swift; sourceTree = "<group>"; };
		22CC2BB31D78CCAF00B8EA57 /* SearchInteractorIO.swift */ = {isa = PBXFileReference; fileEncoding = 4; lastKnownFileType = sourcecode.swift; path = SearchInteractorIO.swift; sourceTree = "<group>"; };
		22CC2BB51D78CCCE00B8EA57 /* SearchRouting.swift */ = {isa = PBXFileReference; fileEncoding = 4; lastKnownFileType = sourcecode.swift; path = SearchRouting.swift; sourceTree = "<group>"; };
		22CC2BB71D78CCD700B8EA57 /* SearchRoutingInterface.swift */ = {isa = PBXFileReference; fileEncoding = 4; lastKnownFileType = sourcecode.swift; path = SearchRoutingInterface.swift; sourceTree = "<group>"; };
		22D1BE3C1D663CC400D567CC /* Resource.swift */ = {isa = PBXFileReference; fileEncoding = 4; lastKnownFileType = sourcecode.swift; path = Resource.swift; sourceTree = "<group>"; };
		22D1BE401D663E0400D567CC /* BusStopAO.swift */ = {isa = PBXFileReference; fileEncoding = 4; lastKnownFileType = sourcecode.swift; path = BusStopAO.swift; sourceTree = "<group>"; };
		4CD246FDBEB99774D17BD46A /* Pods-InterurbanosTests.debug.xcconfig */ = {isa = PBXFileReference; includeInIndex = 1; lastKnownFileType = text.xcconfig; name = "Pods-InterurbanosTests.debug.xcconfig"; path = "Pods/Target Support Files/Pods-InterurbanosTests/Pods-InterurbanosTests.debug.xcconfig"; sourceTree = "<group>"; };
		5E80A81251585C1CC04B30EA /* Pods-Interurbanos.debug.xcconfig */ = {isa = PBXFileReference; includeInIndex = 1; lastKnownFileType = text.xcconfig; name = "Pods-Interurbanos.debug.xcconfig"; path = "Pods/Target Support Files/Pods-Interurbanos/Pods-Interurbanos.debug.xcconfig"; sourceTree = "<group>"; };
		7C2DF0C95031DD0E79D4E68E /* Pods-InterurbanosUITests.debug.xcconfig */ = {isa = PBXFileReference; includeInIndex = 1; lastKnownFileType = text.xcconfig; name = "Pods-InterurbanosUITests.debug.xcconfig"; path = "Pods/Target Support Files/Pods-InterurbanosUITests/Pods-InterurbanosUITests.debug.xcconfig"; sourceTree = "<group>"; };
		96329C206431A6D5F322A117 /* Pods-InterurbanosUITests.release.xcconfig */ = {isa = PBXFileReference; includeInIndex = 1; lastKnownFileType = text.xcconfig; name = "Pods-InterurbanosUITests.release.xcconfig"; path = "Pods/Target Support Files/Pods-InterurbanosUITests/Pods-InterurbanosUITests.release.xcconfig"; sourceTree = "<group>"; };
		A3A5828E33F7F983F644E256 /* Pods_Interurbanos.framework */ = {isa = PBXFileReference; explicitFileType = wrapper.framework; includeInIndex = 0; path = Pods_Interurbanos.framework; sourceTree = BUILT_PRODUCTS_DIR; };
		AD2A12E40F2E91A2A9C4B41F /* Pods_InterurbanosUITests.framework */ = {isa = PBXFileReference; explicitFileType = wrapper.framework; includeInIndex = 0; path = Pods_InterurbanosUITests.framework; sourceTree = BUILT_PRODUCTS_DIR; };
		B8C5B7CF17E367A19D8AD9DC /* Pods-Interurbanos.release.xcconfig */ = {isa = PBXFileReference; includeInIndex = 1; lastKnownFileType = text.xcconfig; name = "Pods-Interurbanos.release.xcconfig"; path = "Pods/Target Support Files/Pods-Interurbanos/Pods-Interurbanos.release.xcconfig"; sourceTree = "<group>"; };
		F6E24CC10E29265AE76CFF22 /* Pods-InterurbanosTests.release.xcconfig */ = {isa = PBXFileReference; includeInIndex = 1; lastKnownFileType = text.xcconfig; name = "Pods-InterurbanosTests.release.xcconfig"; path = "Pods/Target Support Files/Pods-InterurbanosTests/Pods-InterurbanosTests.release.xcconfig"; sourceTree = "<group>"; };
/* End PBXFileReference section */

/* Begin PBXFrameworksBuildPhase section */
		2201262A1D65CD4E00B6884D /* Frameworks */ = {
			isa = PBXFrameworksBuildPhase;
			buildActionMask = 2147483647;
			files = (
				D519375B68BED67CFCC11B06 /* Pods_Interurbanos.framework in Frameworks */,
			);
			runOnlyForDeploymentPostprocessing = 0;
		};
		2201263E1D65CD4F00B6884D /* Frameworks */ = {
			isa = PBXFrameworksBuildPhase;
			buildActionMask = 2147483647;
			files = (
				DE1FEAF119E19A29791EC793 /* Pods_InterurbanosTests.framework in Frameworks */,
			);
			runOnlyForDeploymentPostprocessing = 0;
		};
		220126491D65CD4F00B6884D /* Frameworks */ = {
			isa = PBXFrameworksBuildPhase;
			buildActionMask = 2147483647;
			files = (
				B800E4D34CE998FFA061BA72 /* Pods_InterurbanosUITests.framework in Frameworks */,
			);
			runOnlyForDeploymentPostprocessing = 0;
		};
/* End PBXFrameworksBuildPhase section */

/* Begin PBXGroup section */
		220126241D65CD4E00B6884D = {
			isa = PBXGroup;
			children = (
				2201262F1D65CD4E00B6884D /* Interurbanos */,
				220126441D65CD4F00B6884D /* InterurbanosTests */,
				2201264F1D65CD4F00B6884D /* InterurbanosUITests */,
				2201262E1D65CD4E00B6884D /* Products */,
				D1215A618E74F4353F16905D /* Pods */,
				F477CB68DFD1EB5D136225FB /* Frameworks */,
			);
			sourceTree = "<group>";
		};
		2201262E1D65CD4E00B6884D /* Products */ = {
			isa = PBXGroup;
			children = (
				2201262D1D65CD4E00B6884D /* Interurbanos.app */,
				220126411D65CD4F00B6884D /* InterurbanosTests.xctest */,
				2201264C1D65CD4F00B6884D /* InterurbanosUITests.xctest */,
			);
			name = Products;
			sourceTree = "<group>";
		};
		2201262F1D65CD4E00B6884D /* Interurbanos */ = {
			isa = PBXGroup;
			children = (
				226507B41D6CCE3C0017D3EB /* App */,
				22AB16D91D6AD814007C33E5 /* Loading View Controller */,
				22D1BE3B1D663C3200D567CC /* Modules */,
				22D1BE3A1D663C2D00D567CC /* Services */,
				223479CF1D6A02390000FB2D /* Utils */,
				220126301D65CD4E00B6884D /* AppDelegate.swift */,
				220126341D65CD4E00B6884D /* Main.storyboard */,
				220126371D65CD4E00B6884D /* Assets.xcassets */,
				220126391D65CD4E00B6884D /* LaunchScreen.storyboard */,
				2201263C1D65CD4E00B6884D /* Info.plist */,
			);
			path = Interurbanos;
			sourceTree = "<group>";
		};
		220126441D65CD4F00B6884D /* InterurbanosTests */ = {
			isa = PBXGroup;
			children = (
				220126451D65CD4F00B6884D /* InterurbanosTests.swift */,
				220126471D65CD4F00B6884D /* Info.plist */,
			);
			path = InterurbanosTests;
			sourceTree = "<group>";
		};
		2201264F1D65CD4F00B6884D /* InterurbanosUITests */ = {
			isa = PBXGroup;
			children = (
				220126501D65CD4F00B6884D /* InterurbanosUITests.swift */,
				220126521D65CD4F00B6884D /* Info.plist */,
			);
			path = InterurbanosUITests;
			sourceTree = "<group>";
		};
		2201265E1D65CE2D00B6884D /* Favorites */ = {
			isa = PBXGroup;
			children = (
				220126751D65D0BF00B6884D /* FavoritesFactory.swift */,
				220126611D65CF6A00B6884D /* View */,
				220126641D65CF7B00B6884D /* Presenter */,
				220126621D65CF7000B6884D /* Application Logic */,
				220126651D65CF8000B6884D /* Routing */,
			);
			name = Favorites;
			sourceTree = "<group>";
		};
		220126611D65CF6A00B6884D /* View */ = {
			isa = PBXGroup;
			children = (
				2201265F1D65CE5200B6884D /* FavoritesViewController.swift */,
				2201266E1D65D00700B6884D /* FavoritesViewInterface.swift */,
			);
			name = View;
			sourceTree = "<group>";
		};
		220126621D65CF7000B6884D /* Application Logic */ = {
			isa = PBXGroup;
			children = (
				220126631D65CF7700B6884D /* Interactor */,
			);
			name = "Application Logic";
			sourceTree = "<group>";
		};
		220126631D65CF7700B6884D /* Interactor */ = {
			isa = PBXGroup;
			children = (
				2201266A1D65CFAE00B6884D /* FavoritesInteractor.swift */,
				2201266C1D65CFB700B6884D /* FavoritesInteractorIO.swift */,
			);
			name = Interactor;
			sourceTree = "<group>";
		};
		220126641D65CF7B00B6884D /* Presenter */ = {
			isa = PBXGroup;
			children = (
				220126661D65CF9600B6884D /* FavoritesPresenter.swift */,
				220126681D65CFA300B6884D /* FavoritesPresenterInterface.swift */,
			);
			name = Presenter;
			sourceTree = "<group>";
		};
		220126651D65CF8000B6884D /* Routing */ = {
			isa = PBXGroup;
			children = (
				220126701D65D02F00B6884D /* FavoritesRouting.swift */,
				220126721D65D03D00B6884D /* FavoritesRoutingProtocol.swift */,
			);
			name = Routing;
			sourceTree = "<group>";
		};
		223479CC1D69FFD00000FB2D /* Web Service */ = {
			isa = PBXGroup;
			children = (
				223479CD1D69FFE20000FB2D /* WebService.swift */,
			);
			name = "Web Service";
			sourceTree = "<group>";
		};
		223479CF1D6A02390000FB2D /* Utils */ = {
			isa = PBXGroup;
			children = (
				223479D01D6A02560000FB2D /* SequenceType+Utils.swift */,
				22B79E901D6AF441002D7954 /* Constraints+Utils.swift */,
			);
			name = Utils;
			sourceTree = "<group>";
		};
		223479D21D6A04DF0000FB2D /* Providers */ = {
			isa = PBXGroup;
			children = (
				223479D31D6A05730000FB2D /* BusStopsProviders.swift */,
			);
			name = Providers;
			sourceTree = "<group>";
		};
		22442FDE1D6B7E0D00879DD1 /* Search  */ = {
			isa = PBXGroup;
			children = (
				225FE9091D7C41D100F1B5FE /* Main Controller */,
				225FE90A1D7C41DF00F1B5FE /* Search Controller */,
			);
			name = "Search ";
			sourceTree = "<group>";
		};
		22442FDF1D6B7E6600879DD1 /* Routing */ = {
			isa = PBXGroup;
			children = (
				22CC2BB51D78CCCE00B8EA57 /* SearchRouting.swift */,
				22CC2BB71D78CCD700B8EA57 /* SearchRoutingInterface.swift */,
			);
			name = Routing;
			sourceTree = "<group>";
		};
		22442FE01D6B7E6900879DD1 /* Application Logic */ = {
			isa = PBXGroup;
			children = (
				22CC2BB11D78CCA800B8EA57 /* SearchInteractor.swift */,
				22CC2BB31D78CCAF00B8EA57 /* SearchInteractorIO.swift */,
			);
			name = "Application Logic";
			sourceTree = "<group>";
		};
		22442FE11D6B7E7A00879DD1 /* Presenter */ = {
			isa = PBXGroup;
			children = (
				22CC2BAD1D78CC9500B8EA57 /* SearchPresenter.swift */,
				22CC2BAF1D78CC9F00B8EA57 /* SearchPresenterInterface.swift */,
			);
			name = Presenter;
			sourceTree = "<group>";
		};
		22442FE21D6B7E7C00879DD1 /* View */ = {
			isa = PBXGroup;
			children = (
				22442FE31D6CCAF500879DD1 /* SearchTableViewController.swift */,
				22CC2BAB1D78CC7700B8EA57 /* SearchViewInterface.swift */,
			);
			name = View;
			sourceTree = "<group>";
		};
		22442FE51D6CCBF300879DD1 /* Tab Bar */ = {
			isa = PBXGroup;
			children = (
				22442FE61D6CCBFD00879DD1 /* MainTabBarController.swift */,
				22B47D3C1D79E37F00B2CCF7 /* MainTabBarControllerFactory.swift */,
			);
			name = "Tab Bar";
			sourceTree = "<group>";
		};
		225FE9091D7C41D100F1B5FE /* Main Controller */ = {
			isa = PBXGroup;
			children = (
				22B47D391D79E1F700B2CCF7 /* Factory */,
				22442FE21D6B7E7C00879DD1 /* View */,
				22442FE11D6B7E7A00879DD1 /* Presenter */,
				22442FE01D6B7E6900879DD1 /* Application Logic */,
				22442FDF1D6B7E6600879DD1 /* Routing */,
			);
			name = "Main Controller";
			sourceTree = "<group>";
		};
		225FE90A1D7C41DF00F1B5FE /* Search Controller */ = {
			isa = PBXGroup;
			children = (
				225FE91B1D7C462D00F1B5FE /* New Group */,
				225FE90E1D7C428800F1B5FE /* Routing */,
				225FE90D1D7C425500F1B5FE /* Interactor */,
				225FE90C1D7C424600F1B5FE /* Presenter */,
				225FE90B1D7C422400F1B5FE /* View */,
			);
			name = "Search Controller";
			sourceTree = "<group>";
		};
		225FE90B1D7C422400F1B5FE /* View */ = {
			isa = PBXGroup;
			children = (
				225FE90F1D7C430700F1B5FE /* SearchResultsSearchController.swift */,
				225FE9171D7C444100F1B5FE /* SearchResultsViewInterface.swift */,
			);
			name = View;
			sourceTree = "<group>";
		};
		225FE90C1D7C424600F1B5FE /* Presenter */ = {
			isa = PBXGroup;
			children = (
				225FE9111D7C43BD00F1B5FE /* SearchResultsPresenter.swift */,
				225FE9131D7C43C700F1B5FE /* SearchResultsPresenterInterface.swift */,
			);
			name = Presenter;
			sourceTree = "<group>";
		};
		225FE90D1D7C425500F1B5FE /* Interactor */ = {
			isa = PBXGroup;
			children = (
				225FE9151D7C441800F1B5FE /* SearchResultsInteractorIO.swift */,
				225FE9191D7C44ED00F1B5FE /* SearchResultsInteractor.swift */,
			);
			name = Interactor;
			sourceTree = "<group>";
		};
		225FE90E1D7C428800F1B5FE /* Routing */ = {
			isa = PBXGroup;
			children = (
			);
			name = Routing;
			sourceTree = "<group>";
		};
		225FE91B1D7C462D00F1B5FE /* New Group */ = {
			isa = PBXGroup;
			children = (
			);
			name = "New Group";
			sourceTree = "<group>";
		};
		226507B41D6CCE3C0017D3EB /* App */ = {
			isa = PBXGroup;
			children = (
				226507B51D6CCE460017D3EB /* App.swift */,
			);
			name = App;
			sourceTree = "<group>";
		};
		22AB16D61D6AD69C007C33E5 /* Loading Protocol */ = {
			isa = PBXGroup;
			children = (
				22AB16D71D6AD6AD007C33E5 /* Loading.swift */,
			);
			name = "Loading Protocol";
			sourceTree = "<group>";
		};
		22AB16D91D6AD814007C33E5 /* Loading View Controller */ = {
			isa = PBXGroup;
			children = (
				22AB16DA1D6AD824007C33E5 /* LoadingViewController.swift */,
			);
			name = "Loading View Controller";
			sourceTree = "<group>";
		};
		22B47D391D79E1F700B2CCF7 /* Factory */ = {
			isa = PBXGroup;
			children = (
				22B47D3A1D79E20500B2CCF7 /* SearchFactory.swift */,
				225FE91C1D7C464000F1B5FE /* SearchResultsFactory.swift */,
			);
			name = Factory;
			sourceTree = "<group>";
		};
		22D1BE3A1D663C2D00D567CC /* Services */ = {
			isa = PBXGroup;
			children = (
				22AB16D61D6AD69C007C33E5 /* Loading Protocol */,
				223479D21D6A04DF0000FB2D /* Providers */,
				22D1BE3F1D663DF000D567CC /* Api Objects */,
				223479CC1D69FFD00000FB2D /* Web Service */,
				22D1BE3E1D663DE900D567CC /* Resource */,
			);
			name = Services;
			sourceTree = "<group>";
		};
		22D1BE3B1D663C3200D567CC /* Modules */ = {
			isa = PBXGroup;
			children = (
				22442FE51D6CCBF300879DD1 /* Tab Bar */,
				22442FDE1D6B7E0D00879DD1 /* Search  */,
				2201265E1D65CE2D00B6884D /* Favorites */,
			);
			name = Modules;
			sourceTree = "<group>";
		};
		22D1BE3E1D663DE900D567CC /* Resource */ = {
			isa = PBXGroup;
			children = (
				22D1BE3C1D663CC400D567CC /* Resource.swift */,
			);
			name = Resource;
			sourceTree = "<group>";
		};
		22D1BE3F1D663DF000D567CC /* Api Objects */ = {
			isa = PBXGroup;
			children = (
				22D1BE401D663E0400D567CC /* BusStopAO.swift */,
			);
			name = "Api Objects";
			sourceTree = "<group>";
		};
		D1215A618E74F4353F16905D /* Pods */ = {
			isa = PBXGroup;
			children = (
				5E80A81251585C1CC04B30EA /* Pods-Interurbanos.debug.xcconfig */,
				B8C5B7CF17E367A19D8AD9DC /* Pods-Interurbanos.release.xcconfig */,
				4CD246FDBEB99774D17BD46A /* Pods-InterurbanosTests.debug.xcconfig */,
				F6E24CC10E29265AE76CFF22 /* Pods-InterurbanosTests.release.xcconfig */,
				7C2DF0C95031DD0E79D4E68E /* Pods-InterurbanosUITests.debug.xcconfig */,
				96329C206431A6D5F322A117 /* Pods-InterurbanosUITests.release.xcconfig */,
			);
			name = Pods;
			sourceTree = "<group>";
		};
		F477CB68DFD1EB5D136225FB /* Frameworks */ = {
			isa = PBXGroup;
			children = (
				A3A5828E33F7F983F644E256 /* Pods_Interurbanos.framework */,
				09553A2D79DC66A3E2035E63 /* Pods_InterurbanosTests.framework */,
				AD2A12E40F2E91A2A9C4B41F /* Pods_InterurbanosUITests.framework */,
			);
			name = Frameworks;
			sourceTree = "<group>";
		};
/* End PBXGroup section */

/* Begin PBXNativeTarget section */
		2201262C1D65CD4E00B6884D /* Interurbanos */ = {
			isa = PBXNativeTarget;
			buildConfigurationList = 220126551D65CD4F00B6884D /* Build configuration list for PBXNativeTarget "Interurbanos" */;
			buildPhases = (
				4F4ED5B1D8592CA23CA08E91 /* [CP] Check Pods Manifest.lock */,
				220126291D65CD4E00B6884D /* Sources */,
				2201262A1D65CD4E00B6884D /* Frameworks */,
				2201262B1D65CD4E00B6884D /* Resources */,
				93BFEDAE57C2440C3018E947 /* [CP] Embed Pods Frameworks */,
				3CCD03E0B4A6A65BE7E271E3 /* [CP] Copy Pods Resources */,
			);
			buildRules = (
			);
			dependencies = (
			);
			name = Interurbanos;
			productName = Interurbanos;
			productReference = 2201262D1D65CD4E00B6884D /* Interurbanos.app */;
			productType = "com.apple.product-type.application";
		};
		220126401D65CD4F00B6884D /* InterurbanosTests */ = {
			isa = PBXNativeTarget;
			buildConfigurationList = 220126581D65CD4F00B6884D /* Build configuration list for PBXNativeTarget "InterurbanosTests" */;
			buildPhases = (
				C39DCD6DB2C5E5901169E919 /* [CP] Check Pods Manifest.lock */,
				2201263D1D65CD4F00B6884D /* Sources */,
				2201263E1D65CD4F00B6884D /* Frameworks */,
				2201263F1D65CD4F00B6884D /* Resources */,
				2723A515F400FF70C76030D1 /* [CP] Embed Pods Frameworks */,
				C114927076FB367AB9A24D1B /* [CP] Copy Pods Resources */,
			);
			buildRules = (
			);
			dependencies = (
				220126431D65CD4F00B6884D /* PBXTargetDependency */,
			);
			name = InterurbanosTests;
			productName = InterurbanosTests;
			productReference = 220126411D65CD4F00B6884D /* InterurbanosTests.xctest */;
			productType = "com.apple.product-type.bundle.unit-test";
		};
		2201264B1D65CD4F00B6884D /* InterurbanosUITests */ = {
			isa = PBXNativeTarget;
			buildConfigurationList = 2201265B1D65CD4F00B6884D /* Build configuration list for PBXNativeTarget "InterurbanosUITests" */;
			buildPhases = (
				FC068B2D3AA12955813DEF70 /* [CP] Check Pods Manifest.lock */,
				220126481D65CD4F00B6884D /* Sources */,
				220126491D65CD4F00B6884D /* Frameworks */,
				2201264A1D65CD4F00B6884D /* Resources */,
				F6994A358534941A7859F9CA /* [CP] Copy Pods Resources */,
			);
			buildRules = (
			);
			dependencies = (
				2201264E1D65CD4F00B6884D /* PBXTargetDependency */,
			);
			name = InterurbanosUITests;
			productName = InterurbanosUITests;
			productReference = 2201264C1D65CD4F00B6884D /* InterurbanosUITests.xctest */;
			productType = "com.apple.product-type.bundle.ui-testing";
		};
/* End PBXNativeTarget section */

/* Begin PBXProject section */
		220126251D65CD4E00B6884D /* Project object */ = {
			isa = PBXProject;
			attributes = {
				LastSwiftUpdateCheck = 0800;
				LastUpgradeCheck = 0800;
				ORGANIZATIONNAME = molmedo;
				TargetAttributes = {
					2201262C1D65CD4E00B6884D = {
						CreatedOnToolsVersion = 8.0;
						ProvisioningStyle = Automatic;
					};
					220126401D65CD4F00B6884D = {
						CreatedOnToolsVersion = 8.0;
						ProvisioningStyle = Automatic;
						TestTargetID = 2201262C1D65CD4E00B6884D;
					};
					2201264B1D65CD4F00B6884D = {
						CreatedOnToolsVersion = 8.0;
						ProvisioningStyle = Automatic;
						TestTargetID = 2201262C1D65CD4E00B6884D;
					};
				};
			};
			buildConfigurationList = 220126281D65CD4E00B6884D /* Build configuration list for PBXProject "Interurbanos" */;
			compatibilityVersion = "Xcode 3.2";
			developmentRegion = English;
			hasScannedForEncodings = 0;
			knownRegions = (
				en,
				Base,
			);
			mainGroup = 220126241D65CD4E00B6884D;
			productRefGroup = 2201262E1D65CD4E00B6884D /* Products */;
			projectDirPath = "";
			projectRoot = "";
			targets = (
				2201262C1D65CD4E00B6884D /* Interurbanos */,
				220126401D65CD4F00B6884D /* InterurbanosTests */,
				2201264B1D65CD4F00B6884D /* InterurbanosUITests */,
			);
		};
/* End PBXProject section */

/* Begin PBXResourcesBuildPhase section */
		2201262B1D65CD4E00B6884D /* Resources */ = {
			isa = PBXResourcesBuildPhase;
			buildActionMask = 2147483647;
			files = (
				2201263B1D65CD4E00B6884D /* LaunchScreen.storyboard in Resources */,
				220126381D65CD4E00B6884D /* Assets.xcassets in Resources */,
				220126361D65CD4E00B6884D /* Main.storyboard in Resources */,
			);
			runOnlyForDeploymentPostprocessing = 0;
		};
		2201263F1D65CD4F00B6884D /* Resources */ = {
			isa = PBXResourcesBuildPhase;
			buildActionMask = 2147483647;
			files = (
			);
			runOnlyForDeploymentPostprocessing = 0;
		};
		2201264A1D65CD4F00B6884D /* Resources */ = {
			isa = PBXResourcesBuildPhase;
			buildActionMask = 2147483647;
			files = (
			);
			runOnlyForDeploymentPostprocessing = 0;
		};
/* End PBXResourcesBuildPhase section */

/* Begin PBXShellScriptBuildPhase section */
		2723A515F400FF70C76030D1 /* [CP] Embed Pods Frameworks */ = {
			isa = PBXShellScriptBuildPhase;
			buildActionMask = 2147483647;
			files = (
			);
			inputPaths = (
			);
			name = "[CP] Embed Pods Frameworks";
			outputPaths = (
			);
			runOnlyForDeploymentPostprocessing = 0;
			shellPath = /bin/sh;
			shellScript = "\"${SRCROOT}/Pods/Target Support Files/Pods-InterurbanosTests/Pods-InterurbanosTests-frameworks.sh\"\n";
			showEnvVarsInLog = 0;
		};
		3CCD03E0B4A6A65BE7E271E3 /* [CP] Copy Pods Resources */ = {
			isa = PBXShellScriptBuildPhase;
			buildActionMask = 2147483647;
			files = (
			);
			inputPaths = (
			);
			name = "[CP] Copy Pods Resources";
			outputPaths = (
			);
			runOnlyForDeploymentPostprocessing = 0;
			shellPath = /bin/sh;
			shellScript = "\"${SRCROOT}/Pods/Target Support Files/Pods-Interurbanos/Pods-Interurbanos-resources.sh\"\n";
			showEnvVarsInLog = 0;
		};
		4F4ED5B1D8592CA23CA08E91 /* [CP] Check Pods Manifest.lock */ = {
			isa = PBXShellScriptBuildPhase;
			buildActionMask = 2147483647;
			files = (
			);
			inputPaths = (
			);
			name = "[CP] Check Pods Manifest.lock";
			outputPaths = (
			);
			runOnlyForDeploymentPostprocessing = 0;
			shellPath = /bin/sh;
			shellScript = "diff \"${PODS_ROOT}/../Podfile.lock\" \"${PODS_ROOT}/Manifest.lock\" > /dev/null\nif [[ $? != 0 ]] ; then\n    cat << EOM\nerror: The sandbox is not in sync with the Podfile.lock. Run 'pod install' or update your CocoaPods installation.\nEOM\n    exit 1\nfi\n";
			showEnvVarsInLog = 0;
		};
		93BFEDAE57C2440C3018E947 /* [CP] Embed Pods Frameworks */ = {
			isa = PBXShellScriptBuildPhase;
			buildActionMask = 2147483647;
			files = (
			);
			inputPaths = (
			);
			name = "[CP] Embed Pods Frameworks";
			outputPaths = (
			);
			runOnlyForDeploymentPostprocessing = 0;
			shellPath = /bin/sh;
			shellScript = "\"${SRCROOT}/Pods/Target Support Files/Pods-Interurbanos/Pods-Interurbanos-frameworks.sh\"\n";
			showEnvVarsInLog = 0;
		};
		C114927076FB367AB9A24D1B /* [CP] Copy Pods Resources */ = {
			isa = PBXShellScriptBuildPhase;
			buildActionMask = 2147483647;
			files = (
			);
			inputPaths = (
			);
			name = "[CP] Copy Pods Resources";
			outputPaths = (
			);
			runOnlyForDeploymentPostprocessing = 0;
			shellPath = /bin/sh;
			shellScript = "\"${SRCROOT}/Pods/Target Support Files/Pods-InterurbanosTests/Pods-InterurbanosTests-resources.sh\"\n";
			showEnvVarsInLog = 0;
		};
		C39DCD6DB2C5E5901169E919 /* [CP] Check Pods Manifest.lock */ = {
			isa = PBXShellScriptBuildPhase;
			buildActionMask = 2147483647;
			files = (
			);
			inputPaths = (
			);
			name = "[CP] Check Pods Manifest.lock";
			outputPaths = (
			);
			runOnlyForDeploymentPostprocessing = 0;
			shellPath = /bin/sh;
			shellScript = "diff \"${PODS_ROOT}/../Podfile.lock\" \"${PODS_ROOT}/Manifest.lock\" > /dev/null\nif [[ $? != 0 ]] ; then\n    cat << EOM\nerror: The sandbox is not in sync with the Podfile.lock. Run 'pod install' or update your CocoaPods installation.\nEOM\n    exit 1\nfi\n";
			showEnvVarsInLog = 0;
		};
		F6994A358534941A7859F9CA /* [CP] Copy Pods Resources */ = {
			isa = PBXShellScriptBuildPhase;
			buildActionMask = 2147483647;
			files = (
			);
			inputPaths = (
			);
			name = "[CP] Copy Pods Resources";
			outputPaths = (
			);
			runOnlyForDeploymentPostprocessing = 0;
			shellPath = /bin/sh;
			shellScript = "\"${SRCROOT}/Pods/Target Support Files/Pods-InterurbanosUITests/Pods-InterurbanosUITests-resources.sh\"\n";
			showEnvVarsInLog = 0;
		};
		FC068B2D3AA12955813DEF70 /* [CP] Check Pods Manifest.lock */ = {
			isa = PBXShellScriptBuildPhase;
			buildActionMask = 2147483647;
			files = (
			);
			inputPaths = (
			);
			name = "[CP] Check Pods Manifest.lock";
			outputPaths = (
			);
			runOnlyForDeploymentPostprocessing = 0;
			shellPath = /bin/sh;
			shellScript = "diff \"${PODS_ROOT}/../Podfile.lock\" \"${PODS_ROOT}/Manifest.lock\" > /dev/null\nif [[ $? != 0 ]] ; then\n    cat << EOM\nerror: The sandbox is not in sync with the Podfile.lock. Run 'pod install' or update your CocoaPods installation.\nEOM\n    exit 1\nfi\n";
			showEnvVarsInLog = 0;
		};
/* End PBXShellScriptBuildPhase section */

/* Begin PBXSourcesBuildPhase section */
		220126291D65CD4E00B6884D /* Sources */ = {
			isa = PBXSourcesBuildPhase;
			buildActionMask = 2147483647;
			files = (
				223479CE1D69FFE20000FB2D /* WebService.swift in Sources */,
				223479D41D6A05730000FB2D /* BusStopsProviders.swift in Sources */,
				22CC2BB01D78CC9F00B8EA57 /* SearchPresenterInterface.swift in Sources */,
				22AB16DB1D6AD824007C33E5 /* LoadingViewController.swift in Sources */,
				22CC2BAC1D78CC7700B8EA57 /* SearchViewInterface.swift in Sources */,
				225FE9181D7C444100F1B5FE /* SearchResultsViewInterface.swift in Sources */,
				2201266B1D65CFAE00B6884D /* FavoritesInteractor.swift in Sources */,
				220126691D65CFA300B6884D /* FavoritesPresenterInterface.swift in Sources */,
				225FE9101D7C430700F1B5FE /* SearchResultsSearchController.swift in Sources */,
				22442FE71D6CCBFD00879DD1 /* MainTabBarController.swift in Sources */,
				22CC2BB61D78CCCE00B8EA57 /* SearchRouting.swift in Sources */,
				22442FE41D6CCAF500879DD1 /* SearchTableViewController.swift in Sources */,
				2201266D1D65CFB700B6884D /* FavoritesInteractorIO.swift in Sources */,
				22D1BE3D1D663CC400D567CC /* Resource.swift in Sources */,
				22AB16D81D6AD6AD007C33E5 /* Loading.swift in Sources */,
				225FE91A1D7C44ED00F1B5FE /* SearchResultsInteractor.swift in Sources */,
				220126601D65CE5200B6884D /* FavoritesViewController.swift in Sources */,
				22CC2BB41D78CCAF00B8EA57 /* SearchInteractorIO.swift in Sources */,
				220126731D65D03D00B6884D /* FavoritesRoutingProtocol.swift in Sources */,
				220126711D65D02F00B6884D /* FavoritesRouting.swift in Sources */,
				22CC2BAE1D78CC9500B8EA57 /* SearchPresenter.swift in Sources */,
				22CC2BB21D78CCA800B8EA57 /* SearchInteractor.swift in Sources */,
				225FE9141D7C43C700F1B5FE /* SearchResultsPresenterInterface.swift in Sources */,
				226507B61D6CCE460017D3EB /* App.swift in Sources */,
				220126761D65D0BF00B6884D /* FavoritesFactory.swift in Sources */,
				220126311D65CD4E00B6884D /* AppDelegate.swift in Sources */,
				225FE9121D7C43BD00F1B5FE /* SearchResultsPresenter.swift in Sources */,
				22B47D3B1D79E20500B2CCF7 /* SearchFactory.swift in Sources */,
				22B47D3D1D79E37F00B2CCF7 /* MainTabBarControllerFactory.swift in Sources */,
				225FE9161D7C441800F1B5FE /* SearchResultsInteractorIO.swift in Sources */,
				2201266F1D65D00700B6884D /* FavoritesViewInterface.swift in Sources */,
				22B79E911D6AF441002D7954 /* Constraints+Utils.swift in Sources */,
				225FE91D1D7C464000F1B5FE /* SearchResultsFactory.swift in Sources */,
				22CC2BB81D78CCD700B8EA57 /* SearchRoutingInterface.swift in Sources */,
				22D1BE411D663E0400D567CC /* BusStopAO.swift in Sources */,
				223479D11D6A02560000FB2D /* SequenceType+Utils.swift in Sources */,
				220126671D65CF9600B6884D /* FavoritesPresenter.swift in Sources */,
			);
			runOnlyForDeploymentPostprocessing = 0;
		};
		2201263D1D65CD4F00B6884D /* Sources */ = {
			isa = PBXSourcesBuildPhase;
			buildActionMask = 2147483647;
			files = (
				220126461D65CD4F00B6884D /* InterurbanosTests.swift in Sources */,
			);
			runOnlyForDeploymentPostprocessing = 0;
		};
		220126481D65CD4F00B6884D /* Sources */ = {
			isa = PBXSourcesBuildPhase;
			buildActionMask = 2147483647;
			files = (
				220126511D65CD4F00B6884D /* InterurbanosUITests.swift in Sources */,
			);
			runOnlyForDeploymentPostprocessing = 0;
		};
/* End PBXSourcesBuildPhase section */

/* Begin PBXTargetDependency section */
		220126431D65CD4F00B6884D /* PBXTargetDependency */ = {
			isa = PBXTargetDependency;
			target = 2201262C1D65CD4E00B6884D /* Interurbanos */;
			targetProxy = 220126421D65CD4F00B6884D /* PBXContainerItemProxy */;
		};
		2201264E1D65CD4F00B6884D /* PBXTargetDependency */ = {
			isa = PBXTargetDependency;
			target = 2201262C1D65CD4E00B6884D /* Interurbanos */;
			targetProxy = 2201264D1D65CD4F00B6884D /* PBXContainerItemProxy */;
		};
/* End PBXTargetDependency section */

/* Begin PBXVariantGroup section */
		220126341D65CD4E00B6884D /* Main.storyboard */ = {
			isa = PBXVariantGroup;
			children = (
				220126351D65CD4E00B6884D /* Base */,
			);
			name = Main.storyboard;
			sourceTree = "<group>";
		};
		220126391D65CD4E00B6884D /* LaunchScreen.storyboard */ = {
			isa = PBXVariantGroup;
			children = (
				2201263A1D65CD4E00B6884D /* Base */,
			);
			name = LaunchScreen.storyboard;
			sourceTree = "<group>";
		};
/* End PBXVariantGroup section */

/* Begin XCBuildConfiguration section */
		220126531D65CD4F00B6884D /* Debug */ = {
			isa = XCBuildConfiguration;
			buildSettings = {
				ALWAYS_SEARCH_USER_PATHS = NO;
				CLANG_ANALYZER_NONNULL = YES;
				CLANG_CXX_LANGUAGE_STANDARD = "gnu++0x";
				CLANG_CXX_LIBRARY = "libc++";
				CLANG_ENABLE_MODULES = YES;
				CLANG_ENABLE_OBJC_ARC = YES;
				CLANG_WARN_BOOL_CONVERSION = YES;
				CLANG_WARN_CONSTANT_CONVERSION = YES;
				CLANG_WARN_DIRECT_OBJC_ISA_USAGE = YES_ERROR;
				CLANG_WARN_DOCUMENTATION_COMMENTS = YES;
				CLANG_WARN_EMPTY_BODY = YES;
				CLANG_WARN_ENUM_CONVERSION = YES;
				CLANG_WARN_INFINITE_RECURSION = YES;
				CLANG_WARN_INT_CONVERSION = YES;
				CLANG_WARN_OBJC_ROOT_CLASS = YES_ERROR;
				CLANG_WARN_SUSPICIOUS_MOVE = YES;
				CLANG_WARN_SUSPICIOUS_MOVES = YES;
				CLANG_WARN_UNREACHABLE_CODE = YES;
				CLANG_WARN__DUPLICATE_METHOD_MATCH = YES;
				"CODE_SIGN_IDENTITY[sdk=iphoneos*]" = "iPhone Developer";
				COPY_PHASE_STRIP = NO;
				DEBUG_INFORMATION_FORMAT = dwarf;
				ENABLE_STRICT_OBJC_MSGSEND = YES;
				ENABLE_TESTABILITY = YES;
				GCC_C_LANGUAGE_STANDARD = gnu99;
				GCC_DYNAMIC_NO_PIC = NO;
				GCC_NO_COMMON_BLOCKS = YES;
				GCC_OPTIMIZATION_LEVEL = 0;
				GCC_PREPROCESSOR_DEFINITIONS = (
					"DEBUG=1",
					"$(inherited)",
				);
				GCC_WARN_64_TO_32_BIT_CONVERSION = YES;
				GCC_WARN_ABOUT_RETURN_TYPE = YES_ERROR;
				GCC_WARN_UNDECLARED_SELECTOR = YES;
				GCC_WARN_UNINITIALIZED_AUTOS = YES_AGGRESSIVE;
				GCC_WARN_UNUSED_FUNCTION = YES;
				GCC_WARN_UNUSED_VARIABLE = YES;
				IPHONEOS_DEPLOYMENT_TARGET = 9.0;
				MTL_ENABLE_DEBUG_INFO = YES;
				ONLY_ACTIVE_ARCH = YES;
				SDKROOT = iphoneos;
				SWIFT_ACTIVE_COMPILATION_CONDITIONS = DEBUG;
				SWIFT_OPTIMIZATION_LEVEL = "-Onone";
				TARGETED_DEVICE_FAMILY = "1,2";
			};
			name = Debug;
		};
		220126541D65CD4F00B6884D /* Release */ = {
			isa = XCBuildConfiguration;
			buildSettings = {
				ALWAYS_SEARCH_USER_PATHS = NO;
				CLANG_ANALYZER_NONNULL = YES;
				CLANG_CXX_LANGUAGE_STANDARD = "gnu++0x";
				CLANG_CXX_LIBRARY = "libc++";
				CLANG_ENABLE_MODULES = YES;
				CLANG_ENABLE_OBJC_ARC = YES;
				CLANG_WARN_BOOL_CONVERSION = YES;
				CLANG_WARN_CONSTANT_CONVERSION = YES;
				CLANG_WARN_DIRECT_OBJC_ISA_USAGE = YES_ERROR;
				CLANG_WARN_DOCUMENTATION_COMMENTS = YES;
				CLANG_WARN_EMPTY_BODY = YES;
				CLANG_WARN_ENUM_CONVERSION = YES;
				CLANG_WARN_INFINITE_RECURSION = YES;
				CLANG_WARN_INT_CONVERSION = YES;
				CLANG_WARN_OBJC_ROOT_CLASS = YES_ERROR;
				CLANG_WARN_SUSPICIOUS_MOVE = YES;
				CLANG_WARN_SUSPICIOUS_MOVES = YES;
				CLANG_WARN_UNREACHABLE_CODE = YES;
				CLANG_WARN__DUPLICATE_METHOD_MATCH = YES;
				"CODE_SIGN_IDENTITY[sdk=iphoneos*]" = "iPhone Developer";
				COPY_PHASE_STRIP = NO;
				DEBUG_INFORMATION_FORMAT = "dwarf-with-dsym";
				ENABLE_NS_ASSERTIONS = NO;
				ENABLE_STRICT_OBJC_MSGSEND = YES;
				GCC_C_LANGUAGE_STANDARD = gnu99;
				GCC_NO_COMMON_BLOCKS = YES;
				GCC_WARN_64_TO_32_BIT_CONVERSION = YES;
				GCC_WARN_ABOUT_RETURN_TYPE = YES_ERROR;
				GCC_WARN_UNDECLARED_SELECTOR = YES;
				GCC_WARN_UNINITIALIZED_AUTOS = YES_AGGRESSIVE;
				GCC_WARN_UNUSED_FUNCTION = YES;
				GCC_WARN_UNUSED_VARIABLE = YES;
				IPHONEOS_DEPLOYMENT_TARGET = 9.0;
				MTL_ENABLE_DEBUG_INFO = NO;
				SDKROOT = iphoneos;
				SWIFT_OPTIMIZATION_LEVEL = "-Owholemodule";
				TARGETED_DEVICE_FAMILY = "1,2";
				VALIDATE_PRODUCT = YES;
			};
			name = Release;
		};
		220126561D65CD4F00B6884D /* Debug */ = {
			isa = XCBuildConfiguration;
			baseConfigurationReference = 5E80A81251585C1CC04B30EA /* Pods-Interurbanos.debug.xcconfig */;
			buildSettings = {
				ASSETCATALOG_COMPILER_APPICON_NAME = AppIcon;
				INFOPLIST_FILE = Interurbanos/Info.plist;
				LD_RUNPATH_SEARCH_PATHS = "$(inherited) @executable_path/Frameworks";
				PRODUCT_BUNDLE_IDENTIFIER = com.molmedo.Interurbanos;
				PRODUCT_NAME = "$(TARGET_NAME)";
				SWIFT_VERSION = 3.0;
			};
			name = Debug;
		};
		220126571D65CD4F00B6884D /* Release */ = {
			isa = XCBuildConfiguration;
			baseConfigurationReference = B8C5B7CF17E367A19D8AD9DC /* Pods-Interurbanos.release.xcconfig */;
			buildSettings = {
				ASSETCATALOG_COMPILER_APPICON_NAME = AppIcon;
				INFOPLIST_FILE = Interurbanos/Info.plist;
				LD_RUNPATH_SEARCH_PATHS = "$(inherited) @executable_path/Frameworks";
				PRODUCT_BUNDLE_IDENTIFIER = com.molmedo.Interurbanos;
				PRODUCT_NAME = "$(TARGET_NAME)";
				SWIFT_VERSION = 3.0;
			};
			name = Release;
		};
		220126591D65CD4F00B6884D /* Debug */ = {
			isa = XCBuildConfiguration;
			baseConfigurationReference = 4CD246FDBEB99774D17BD46A /* Pods-InterurbanosTests.debug.xcconfig */;
			buildSettings = {
				ALWAYS_EMBED_SWIFT_STANDARD_LIBRARIES = YES;
				BUNDLE_LOADER = "$(TEST_HOST)";
				INFOPLIST_FILE = InterurbanosTests/Info.plist;
				LD_RUNPATH_SEARCH_PATHS = "$(inherited) @executable_path/Frameworks @loader_path/Frameworks";
				PRODUCT_BUNDLE_IDENTIFIER = com.molmedo.InterurbanosTests;
				PRODUCT_NAME = "$(TARGET_NAME)";
				SWIFT_VERSION = 3.0;
				TEST_HOST = "$(BUILT_PRODUCTS_DIR)/Interurbanos.app/Interurbanos";
			};
			name = Debug;
		};
		2201265A1D65CD4F00B6884D /* Release */ = {
			isa = XCBuildConfiguration;
			baseConfigurationReference = F6E24CC10E29265AE76CFF22 /* Pods-InterurbanosTests.release.xcconfig */;
			buildSettings = {
				ALWAYS_EMBED_SWIFT_STANDARD_LIBRARIES = YES;
				BUNDLE_LOADER = "$(TEST_HOST)";
				INFOPLIST_FILE = InterurbanosTests/Info.plist;
				LD_RUNPATH_SEARCH_PATHS = "$(inherited) @executable_path/Frameworks @loader_path/Frameworks";
				PRODUCT_BUNDLE_IDENTIFIER = com.molmedo.InterurbanosTests;
				PRODUCT_NAME = "$(TARGET_NAME)";
				SWIFT_VERSION = 3.0;
				TEST_HOST = "$(BUILT_PRODUCTS_DIR)/Interurbanos.app/Interurbanos";
			};
			name = Release;
		};
		2201265C1D65CD4F00B6884D /* Debug */ = {
			isa = XCBuildConfiguration;
			baseConfigurationReference = 7C2DF0C95031DD0E79D4E68E /* Pods-InterurbanosUITests.debug.xcconfig */;
			buildSettings = {
				ALWAYS_EMBED_SWIFT_STANDARD_LIBRARIES = YES;
				INFOPLIST_FILE = InterurbanosUITests/Info.plist;
				LD_RUNPATH_SEARCH_PATHS = "$(inherited) @executable_path/Frameworks @loader_path/Frameworks";
				PRODUCT_BUNDLE_IDENTIFIER = com.molmedo.InterurbanosUITests;
				PRODUCT_NAME = "$(TARGET_NAME)";
				SWIFT_VERSION = 3.0;
				TEST_TARGET_NAME = Interurbanos;
			};
			name = Debug;
		};
		2201265D1D65CD4F00B6884D /* Release */ = {
			isa = XCBuildConfiguration;
			baseConfigurationReference = 96329C206431A6D5F322A117 /* Pods-InterurbanosUITests.release.xcconfig */;
			buildSettings = {
				ALWAYS_EMBED_SWIFT_STANDARD_LIBRARIES = YES;
				INFOPLIST_FILE = InterurbanosUITests/Info.plist;
				LD_RUNPATH_SEARCH_PATHS = "$(inherited) @executable_path/Frameworks @loader_path/Frameworks";
				PRODUCT_BUNDLE_IDENTIFIER = com.molmedo.InterurbanosUITests;
				PRODUCT_NAME = "$(TARGET_NAME)";
				SWIFT_VERSION = 3.0;
				TEST_TARGET_NAME = Interurbanos;
			};
			name = Release;
		};
/* End XCBuildConfiguration section */

/* Begin XCConfigurationList section */
		220126281D65CD4E00B6884D /* Build configuration list for PBXProject "Interurbanos" */ = {
			isa = XCConfigurationList;
			buildConfigurations = (
				220126531D65CD4F00B6884D /* Debug */,
				220126541D65CD4F00B6884D /* Release */,
			);
			defaultConfigurationIsVisible = 0;
			defaultConfigurationName = Release;
		};
		220126551D65CD4F00B6884D /* Build configuration list for PBXNativeTarget "Interurbanos" */ = {
			isa = XCConfigurationList;
			buildConfigurations = (
				220126561D65CD4F00B6884D /* Debug */,
				220126571D65CD4F00B6884D /* Release */,
			);
			defaultConfigurationIsVisible = 0;
			defaultConfigurationName = Release;
		};
		220126581D65CD4F00B6884D /* Build configuration list for PBXNativeTarget "InterurbanosTests" */ = {
			isa = XCConfigurationList;
			buildConfigurations = (
				220126591D65CD4F00B6884D /* Debug */,
				2201265A1D65CD4F00B6884D /* Release */,
			);
			defaultConfigurationIsVisible = 0;
			defaultConfigurationName = Release;
		};
		2201265B1D65CD4F00B6884D /* Build configuration list for PBXNativeTarget "InterurbanosUITests" */ = {
			isa = XCConfigurationList;
			buildConfigurations = (
				2201265C1D65CD4F00B6884D /* Debug */,
				2201265D1D65CD4F00B6884D /* Release */,
			);
			defaultConfigurationIsVisible = 0;
			defaultConfigurationName = Release;
		};
/* End XCConfigurationList section */
	};
	rootObject = 220126251D65CD4E00B6884D /* Project object */;
}
